
Microsoft Visual Studio Solution File, Format Version 12.00
# Visual Studio Version 17
VisualStudioVersion = 17.8.34525.116
MinimumVisualStudioVersion = 10.0.40219.1
Project("{9A19103F-16F7-4668-BE54-9A1E7A4F7556}") = "DutchSnacks_Library", "DutchSnacks_Library.csproj", "{DCFA6646-2249-4889-9ACE-8935F1374461}"
EndProject
Global
	GlobalSection(SolutionConfigurationPlatforms) = preSolution
		Debug|Any CPU = Debug|Any CPU
		Release|Any CPU = Release|Any CPU
	EndGlobalSection
	GlobalSection(ProjectConfigurationPlatforms) = postSolution
		{DCFA6646-2249-4889-9ACE-8935F1374461}.Debug|Any CPU.ActiveCfg = Debug|Any CPU
		{DCFA6646-2249-4889-9ACE-8935F1374461}.Debug|Any CPU.Build.0 = Debug|Any CPU
		{DCFA6646-2249-4889-9ACE-8935F1374461}.Release|Any CPU.ActiveCfg = Release|Any CPU
		{DCFA6646-2249-4889-9ACE-8935F1374461}.Release|Any CPU.Build.0 = Release|Any CPU
	EndGlobalSection
	GlobalSection(SolutionProperties) = preSolution
		HideSolutionNode = FALSE
	EndGlobalSection
	GlobalSection(ExtensibilityGlobals) = postSolution
		SolutionGuid = {FAA72967-0A77-4C70-8484-4830AC840F0B}
	EndGlobalSection
EndGlobal
